// !$*UTF8*$!
{
	archiveVersion = 1;
	classes = {
	};
	objectVersion = 46;
	objects = {

/* Begin PBXBuildFile section */
		A316AA351A30D3BA00188F8C /* LaunchViewController.swift in Sources */ = {isa = PBXBuildFile; fileRef = A316AA341A30D3BA00188F8C /* LaunchViewController.swift */; };
		A316AA371A30D62A00188F8C /* NewLaunchScreen.storyboard in Resources */ = {isa = PBXBuildFile; fileRef = A316AA361A30D62A00188F8C /* NewLaunchScreen.storyboard */; };
		A354D9451A348DE800655813 /* CreditsViewController.swift in Sources */ = {isa = PBXBuildFile; fileRef = A354D9441A348DE800655813 /* CreditsViewController.swift */; };
		A38A2AF91A2B54B100C7A7A3 /* AppDelegate.swift in Sources */ = {isa = PBXBuildFile; fileRef = A38A2AF81A2B54B100C7A7A3 /* AppDelegate.swift */; };
		A38A2AFB1A2B54B100C7A7A3 /* SetViewController.swift in Sources */ = {isa = PBXBuildFile; fileRef = A38A2AFA1A2B54B100C7A7A3 /* SetViewController.swift */; };
		A38A2AFE1A2B54B100C7A7A3 /* Main.storyboard in Resources */ = {isa = PBXBuildFile; fileRef = A38A2AFC1A2B54B100C7A7A3 /* Main.storyboard */; };
		A38A2B001A2B54B100C7A7A3 /* Images.xcassets in Resources */ = {isa = PBXBuildFile; fileRef = A38A2AFF1A2B54B100C7A7A3 /* Images.xcassets */; };
		A38A2B031A2B54B100C7A7A3 /* LaunchScreen.xib in Resources */ = {isa = PBXBuildFile; fileRef = A38A2B011A2B54B100C7A7A3 /* LaunchScreen.xib */; };
		A38A2B0F1A2B54B100C7A7A3 /* Honeymoon_WhistTests.swift in Sources */ = {isa = PBXBuildFile; fileRef = A38A2B0E1A2B54B100C7A7A3 /* Honeymoon_WhistTests.swift */; };
		A38A2B191A2B7F3900C7A7A3 /* BidViewController.swift in Sources */ = {isa = PBXBuildFile; fileRef = A38A2B181A2B7F3900C7A7A3 /* BidViewController.swift */; };
		A38A2B1B1A2C7AE600C7A7A3 /* RulesViewController.swift in Sources */ = {isa = PBXBuildFile; fileRef = A38A2B1A1A2C7AE600C7A7A3 /* RulesViewController.swift */; };
		A394C31C1A339FCA003FF188 /* Campanile.ttf in Resources */ = {isa = PBXBuildFile; fileRef = A394C31B1A339FC9003FF188 /* Campanile.ttf */; };
		A3AA15371A34BAC9008520AE /* gangstagrass- dirty pickin.mp3 in Resources */ = {isa = PBXBuildFile; fileRef = A3AA15361A34BAC9008520AE /* gangstagrass- dirty pickin.mp3 */; };
		A3AA15391A34BAE7008520AE /* AVFoundation.framework in Frameworks */ = {isa = PBXBuildFile; fileRef = A3AA15381A34BAE7008520AE /* AVFoundation.framework */; };
		A3AA153B1A34BD6A008520AE /* Fleetwood Mac - Go Your Own Way (HQ).mp3 in Resources */ = {isa = PBXBuildFile; fileRef = A3AA153A1A34BD6A008520AE /* Fleetwood Mac - Go Your Own Way (HQ).mp3 */; };
		A3AA153D1A34C16B008520AE /* shuffling-cards-4.mp3 in Resources */ = {isa = PBXBuildFile; fileRef = A3AA153C1A34C16B008520AE /* shuffling-cards-4.mp3 */; };
		A69B2CE41A30FC270057EC09 /* CardFunctions.swift in Sources */ = {isa = PBXBuildFile; fileRef = A69B2CE31A30FC270057EC09 /* CardFunctions.swift */; };
		A6B03DE71A32201E0051F816 /* LaunchScreenUIView.swift in Sources */ = {isa = PBXBuildFile; fileRef = A6B03DE61A32201E0051F816 /* LaunchScreenUIView.swift */; };
		A6B03DE91A3222CF0051F816 /* HomeViewController.swift in Sources */ = {isa = PBXBuildFile; fileRef = A6B03DE81A3222CF0051F816 /* HomeViewController.swift */; };
		A6EDAA8C1A2CF3B7009F574F /* PlayViewController.swift in Sources */ = {isa = PBXBuildFile; fileRef = A6EDAA8B1A2CF3B7009F574F /* PlayViewController.swift */; };
		A6EDAA8E1A2CFF06009F574F /* WhistPlayer.swift in Sources */ = {isa = PBXBuildFile; fileRef = A6EDAA8D1A2CFF06009F574F /* WhistPlayer.swift */; };
/* End PBXBuildFile section */

/* Begin PBXContainerItemProxy section */
		A38A2B091A2B54B100C7A7A3 /* PBXContainerItemProxy */ = {
			isa = PBXContainerItemProxy;
			containerPortal = A38A2AEB1A2B54B100C7A7A3 /* Project object */;
			proxyType = 1;
			remoteGlobalIDString = A38A2AF21A2B54B100C7A7A3;
			remoteInfo = "Honeymoon Whist";
		};
/* End PBXContainerItemProxy section */

/* Begin PBXFileReference section */
		A316AA341A30D3BA00188F8C /* LaunchViewController.swift */ = {isa = PBXFileReference; fileEncoding = 4; lastKnownFileType = sourcecode.swift; path = LaunchViewController.swift; sourceTree = "<group>"; };
		A316AA361A30D62A00188F8C /* NewLaunchScreen.storyboard */ = {isa = PBXFileReference; fileEncoding = 4; lastKnownFileType = file.storyboard; path = NewLaunchScreen.storyboard; sourceTree = "<group>"; };
		A354D9441A348DE800655813 /* CreditsViewController.swift */ = {isa = PBXFileReference; fileEncoding = 4; lastKnownFileType = sourcecode.swift; path = CreditsViewController.swift; sourceTree = "<group>"; };
		A38A2AF31A2B54B100C7A7A3 /* Honeymoon Whist.app */ = {isa = PBXFileReference; explicitFileType = wrapper.application; includeInIndex = 0; path = "Honeymoon Whist.app"; sourceTree = BUILT_PRODUCTS_DIR; };
		A38A2AF71A2B54B100C7A7A3 /* Info.plist */ = {isa = PBXFileReference; lastKnownFileType = text.plist.xml; path = Info.plist; sourceTree = "<group>"; };
		A38A2AF81A2B54B100C7A7A3 /* AppDelegate.swift */ = {isa = PBXFileReference; lastKnownFileType = sourcecode.swift; path = AppDelegate.swift; sourceTree = "<group>"; };
		A38A2AFA1A2B54B100C7A7A3 /* SetViewController.swift */ = {isa = PBXFileReference; lastKnownFileType = sourcecode.swift; lineEnding = 0; path = SetViewController.swift; sourceTree = "<group>"; xcLanguageSpecificationIdentifier = xcode.lang.swift; };
		A38A2AFD1A2B54B100C7A7A3 /* Base */ = {isa = PBXFileReference; lastKnownFileType = file.storyboard; name = Base; path = Base.lproj/Main.storyboard; sourceTree = "<group>"; };
		A38A2AFF1A2B54B100C7A7A3 /* Images.xcassets */ = {isa = PBXFileReference; lastKnownFileType = folder.assetcatalog; path = Images.xcassets; sourceTree = "<group>"; };
		A38A2B021A2B54B100C7A7A3 /* Base */ = {isa = PBXFileReference; lastKnownFileType = file.xib; name = Base; path = Base.lproj/LaunchScreen.xib; sourceTree = "<group>"; };
		A38A2B081A2B54B100C7A7A3 /* Honeymoon WhistTests.xctest */ = {isa = PBXFileReference; explicitFileType = wrapper.cfbundle; includeInIndex = 0; path = "Honeymoon WhistTests.xctest"; sourceTree = BUILT_PRODUCTS_DIR; };
		A38A2B0D1A2B54B100C7A7A3 /* Info.plist */ = {isa = PBXFileReference; lastKnownFileType = text.plist.xml; path = Info.plist; sourceTree = "<group>"; };
		A38A2B0E1A2B54B100C7A7A3 /* Honeymoon_WhistTests.swift */ = {isa = PBXFileReference; lastKnownFileType = sourcecode.swift; path = Honeymoon_WhistTests.swift; sourceTree = "<group>"; };
		A38A2B181A2B7F3900C7A7A3 /* BidViewController.swift */ = {isa = PBXFileReference; fileEncoding = 4; lastKnownFileType = sourcecode.swift; path = BidViewController.swift; sourceTree = "<group>"; };
		A38A2B1A1A2C7AE600C7A7A3 /* RulesViewController.swift */ = {isa = PBXFileReference; fileEncoding = 4; lastKnownFileType = sourcecode.swift; path = RulesViewController.swift; sourceTree = "<group>"; };
		A394C31B1A339FC9003FF188 /* Campanile.ttf */ = {isa = PBXFileReference; lastKnownFileType = file; name = Campanile.ttf; path = "../Honeymoon Whist/Campanile.ttf"; sourceTree = "<group>"; };
		A3AA15361A34BAC9008520AE /* gangstagrass- dirty pickin.mp3 */ = {isa = PBXFileReference; lastKnownFileType = audio.mp3; path = "gangstagrass- dirty pickin.mp3"; sourceTree = "<group>"; };
		A3AA15381A34BAE7008520AE /* AVFoundation.framework */ = {isa = PBXFileReference; lastKnownFileType = wrapper.framework; name = AVFoundation.framework; path = System/Library/Frameworks/AVFoundation.framework; sourceTree = SDKROOT; };
		A3AA153A1A34BD6A008520AE /* Fleetwood Mac - Go Your Own Way (HQ).mp3 */ = {isa = PBXFileReference; lastKnownFileType = audio.mp3; path = "Fleetwood Mac - Go Your Own Way (HQ).mp3"; sourceTree = "<group>"; };
		A3AA153C1A34C16B008520AE /* shuffling-cards-4.mp3 */ = {isa = PBXFileReference; lastKnownFileType = audio.mp3; path = "shuffling-cards-4.mp3"; sourceTree = "<group>"; };
		A69B2CE31A30FC270057EC09 /* CardFunctions.swift */ = {isa = PBXFileReference; fileEncoding = 4; lastKnownFileType = sourcecode.swift; path = CardFunctions.swift; sourceTree = "<group>"; };
		A6B03DE61A32201E0051F816 /* LaunchScreenUIView.swift */ = {isa = PBXFileReference; fileEncoding = 4; lastKnownFileType = sourcecode.swift; path = LaunchScreenUIView.swift; sourceTree = "<group>"; };
		A6B03DE81A3222CF0051F816 /* HomeViewController.swift */ = {isa = PBXFileReference; fileEncoding = 4; lastKnownFileType = sourcecode.swift; path = HomeViewController.swift; sourceTree = "<group>"; };
		A6EDAA8B1A2CF3B7009F574F /* PlayViewController.swift */ = {isa = PBXFileReference; fileEncoding = 4; lastKnownFileType = sourcecode.swift; lineEnding = 0; path = PlayViewController.swift; sourceTree = "<group>"; xcLanguageSpecificationIdentifier = xcode.lang.swift; };
		A6EDAA8D1A2CFF06009F574F /* WhistPlayer.swift */ = {isa = PBXFileReference; fileEncoding = 4; lastKnownFileType = sourcecode.swift; path = WhistPlayer.swift; sourceTree = "<group>"; };
/* End PBXFileReference section */

/* Begin PBXFrameworksBuildPhase section */
		A38A2AF01A2B54B100C7A7A3 /* Frameworks */ = {
			isa = PBXFrameworksBuildPhase;
			buildActionMask = 2147483647;
			files = (
				A3AA15391A34BAE7008520AE /* AVFoundation.framework in Frameworks */,
			);
			runOnlyForDeploymentPostprocessing = 0;
		};
		A38A2B051A2B54B100C7A7A3 /* Frameworks */ = {
			isa = PBXFrameworksBuildPhase;
			buildActionMask = 2147483647;
			files = (
			);
			runOnlyForDeploymentPostprocessing = 0;
		};
/* End PBXFrameworksBuildPhase section */

/* Begin PBXGroup section */
		A38A2AEA1A2B54B100C7A7A3 = {
			isa = PBXGroup;
			children = (
				A3AA15381A34BAE7008520AE /* AVFoundation.framework */,
				A3AA15361A34BAC9008520AE /* gangstagrass- dirty pickin.mp3 */,
				A3AA153A1A34BD6A008520AE /* Fleetwood Mac - Go Your Own Way (HQ).mp3 */,
				A3AA153C1A34C16B008520AE /* shuffling-cards-4.mp3 */,
				A38A2AF51A2B54B100C7A7A3 /* Honeymoon Whist */,
				A38A2B0B1A2B54B100C7A7A3 /* Honeymoon WhistTests */,
				A38A2AF41A2B54B100C7A7A3 /* Products */,
			);
			sourceTree = "<group>";
		};
		A38A2AF41A2B54B100C7A7A3 /* Products */ = {
			isa = PBXGroup;
			children = (
				A38A2AF31A2B54B100C7A7A3 /* Honeymoon Whist.app */,
				A38A2B081A2B54B100C7A7A3 /* Honeymoon WhistTests.xctest */,
			);
			name = Products;
			sourceTree = "<group>";
		};
		A38A2AF51A2B54B100C7A7A3 /* Honeymoon Whist */ = {
			isa = PBXGroup;
			children = (
				A38A2AF81A2B54B100C7A7A3 /* AppDelegate.swift */,
				A38A2AFA1A2B54B100C7A7A3 /* SetViewController.swift */,
				A38A2AFC1A2B54B100C7A7A3 /* Main.storyboard */,
				A38A2AFF1A2B54B100C7A7A3 /* Images.xcassets */,
				A38A2B011A2B54B100C7A7A3 /* LaunchScreen.xib */,
				A38A2AF61A2B54B100C7A7A3 /* Supporting Files */,
				A38A2B181A2B7F3900C7A7A3 /* BidViewController.swift */,
				A38A2B1A1A2C7AE600C7A7A3 /* RulesViewController.swift */,
				A6EDAA8B1A2CF3B7009F574F /* PlayViewController.swift */,
				A6EDAA8D1A2CFF06009F574F /* WhistPlayer.swift */,
				A316AA341A30D3BA00188F8C /* LaunchViewController.swift */,
				A316AA361A30D62A00188F8C /* NewLaunchScreen.storyboard */,
				A69B2CE31A30FC270057EC09 /* CardFunctions.swift */,
				A6B03DE61A32201E0051F816 /* LaunchScreenUIView.swift */,
				A6B03DE81A3222CF0051F816 /* HomeViewController.swift */,
				A354D9441A348DE800655813 /* CreditsViewController.swift */,
			);
			path = "Honeymoon Whist";
			sourceTree = "<group>";
		};
		A38A2AF61A2B54B100C7A7A3 /* Supporting Files */ = {
			isa = PBXGroup;
			children = (
				A38A2AF71A2B54B100C7A7A3 /* Info.plist */,
			);
			name = "Supporting Files";
			sourceTree = "<group>";
		};
		A38A2B0B1A2B54B100C7A7A3 /* Honeymoon WhistTests */ = {
			isa = PBXGroup;
			children = (
				A38A2B0E1A2B54B100C7A7A3 /* Honeymoon_WhistTests.swift */,
				A38A2B0C1A2B54B100C7A7A3 /* Supporting Files */,
			);
			path = "Honeymoon WhistTests";
			sourceTree = "<group>";
		};
		A38A2B0C1A2B54B100C7A7A3 /* Supporting Files */ = {
			isa = PBXGroup;
			children = (
				A394C31B1A339FC9003FF188 /* Campanile.ttf */,
				A38A2B0D1A2B54B100C7A7A3 /* Info.plist */,
			);
			name = "Supporting Files";
			sourceTree = "<group>";
		};
/* End PBXGroup section */

/* Begin PBXNativeTarget section */
		A38A2AF21A2B54B100C7A7A3 /* Honeymoon Whist */ = {
			isa = PBXNativeTarget;
			buildConfigurationList = A38A2B121A2B54B100C7A7A3 /* Build configuration list for PBXNativeTarget "Honeymoon Whist" */;
			buildPhases = (
				A38A2AEF1A2B54B100C7A7A3 /* Sources */,
				A38A2AF01A2B54B100C7A7A3 /* Frameworks */,
				A38A2AF11A2B54B100C7A7A3 /* Resources */,
			);
			buildRules = (
			);
			dependencies = (
			);
			name = "Honeymoon Whist";
			productName = "Honeymoon Whist";
			productReference = A38A2AF31A2B54B100C7A7A3 /* Honeymoon Whist.app */;
			productType = "com.apple.product-type.application";
		};
		A38A2B071A2B54B100C7A7A3 /* Honeymoon WhistTests */ = {
			isa = PBXNativeTarget;
			buildConfigurationList = A38A2B151A2B54B100C7A7A3 /* Build configuration list for PBXNativeTarget "Honeymoon WhistTests" */;
			buildPhases = (
				A38A2B041A2B54B100C7A7A3 /* Sources */,
				A38A2B051A2B54B100C7A7A3 /* Frameworks */,
				A38A2B061A2B54B100C7A7A3 /* Resources */,
			);
			buildRules = (
			);
			dependencies = (
				A38A2B0A1A2B54B100C7A7A3 /* PBXTargetDependency */,
			);
			name = "Honeymoon WhistTests";
			productName = "Honeymoon WhistTests";
			productReference = A38A2B081A2B54B100C7A7A3 /* Honeymoon WhistTests.xctest */;
			productType = "com.apple.product-type.bundle.unit-test";
		};
/* End PBXNativeTarget section */

/* Begin PBXProject section */
		A38A2AEB1A2B54B100C7A7A3 /* Project object */ = {
			isa = PBXProject;
			attributes = {
				LastUpgradeCheck = 0600;
				ORGANIZATIONNAME = Tom;
				TargetAttributes = {
					A38A2AF21A2B54B100C7A7A3 = {
						CreatedOnToolsVersion = 6.0;
					};
					A38A2B071A2B54B100C7A7A3 = {
						CreatedOnToolsVersion = 6.0;
						TestTargetID = A38A2AF21A2B54B100C7A7A3;
					};
				};
			};
			buildConfigurationList = A38A2AEE1A2B54B100C7A7A3 /* Build configuration list for PBXProject "Honeymoon Whist" */;
			compatibilityVersion = "Xcode 3.2";
			developmentRegion = English;
			hasScannedForEncodings = 0;
			knownRegions = (
				en,
				Base,
			);
			mainGroup = A38A2AEA1A2B54B100C7A7A3;
			productRefGroup = A38A2AF41A2B54B100C7A7A3 /* Products */;
			projectDirPath = "";
			projectRoot = "";
			targets = (
				A38A2AF21A2B54B100C7A7A3 /* Honeymoon Whist */,
				A38A2B071A2B54B100C7A7A3 /* Honeymoon WhistTests */,
			);
		};
/* End PBXProject section */

/* Begin PBXResourcesBuildPhase section */
		A38A2AF11A2B54B100C7A7A3 /* Resources */ = {
			isa = PBXResourcesBuildPhase;
			buildActionMask = 2147483647;
			files = (
				A38A2AFE1A2B54B100C7A7A3 /* Main.storyboard in Resources */,
				A316AA371A30D62A00188F8C /* NewLaunchScreen.storyboard in Resources */,
				A3AA15371A34BAC9008520AE /* gangstagrass- dirty pickin.mp3 in Resources */,
				A38A2B031A2B54B100C7A7A3 /* LaunchScreen.xib in Resources */,
				A3AA153D1A34C16B008520AE /* shuffling-cards-4.mp3 in Resources */,
				A3AA153B1A34BD6A008520AE /* Fleetwood Mac - Go Your Own Way (HQ).mp3 in Resources */,
				A38A2B001A2B54B100C7A7A3 /* Images.xcassets in Resources */,
				A394C31C1A339FCA003FF188 /* Campanile.ttf in Resources */,
			);
			runOnlyForDeploymentPostprocessing = 0;
		};
		A38A2B061A2B54B100C7A7A3 /* Resources */ = {
			isa = PBXResourcesBuildPhase;
			buildActionMask = 2147483647;
			files = (
			);
			runOnlyForDeploymentPostprocessing = 0;
		};
/* End PBXResourcesBuildPhase section */

/* Begin PBXSourcesBuildPhase section */
		A38A2AEF1A2B54B100C7A7A3 /* Sources */ = {
			isa = PBXSourcesBuildPhase;
			buildActionMask = 2147483647;
			files = (
				A6B03DE71A32201E0051F816 /* LaunchScreenUIView.swift in Sources */,
				A6EDAA8E1A2CFF06009F574F /* WhistPlayer.swift in Sources */,
				A69B2CE41A30FC270057EC09 /* CardFunctions.swift in Sources */,
				A354D9451A348DE800655813 /* CreditsViewController.swift in Sources */,
				A38A2AFB1A2B54B100C7A7A3 /* SetViewController.swift in Sources */,
				A6EDAA8C1A2CF3B7009F574F /* PlayViewController.swift in Sources */,
				A6B03DE91A3222CF0051F816 /* HomeViewController.swift in Sources */,
				A38A2AF91A2B54B100C7A7A3 /* AppDelegate.swift in Sources */,
				A38A2B1B1A2C7AE600C7A7A3 /* RulesViewController.swift in Sources */,
				A316AA351A30D3BA00188F8C /* LaunchViewController.swift in Sources */,
				A38A2B191A2B7F3900C7A7A3 /* BidViewController.swift in Sources */,
			);
			runOnlyForDeploymentPostprocessing = 0;
		};
		A38A2B041A2B54B100C7A7A3 /* Sources */ = {
			isa = PBXSourcesBuildPhase;
			buildActionMask = 2147483647;
			files = (
				A38A2B0F1A2B54B100C7A7A3 /* Honeymoon_WhistTests.swift in Sources */,
			);
			runOnlyForDeploymentPostprocessing = 0;
		};
/* End PBXSourcesBuildPhase section */

/* Begin PBXTargetDependency section */
		A38A2B0A1A2B54B100C7A7A3 /* PBXTargetDependency */ = {
			isa = PBXTargetDependency;
			target = A38A2AF21A2B54B100C7A7A3 /* Honeymoon Whist */;
			targetProxy = A38A2B091A2B54B100C7A7A3 /* PBXContainerItemProxy */;
		};
/* End PBXTargetDependency section */

/* Begin PBXVariantGroup section */
		A38A2AFC1A2B54B100C7A7A3 /* Main.storyboard */ = {
			isa = PBXVariantGroup;
			children = (
				A38A2AFD1A2B54B100C7A7A3 /* Base */,
			);
			name = Main.storyboard;
			sourceTree = "<group>";
		};
		A38A2B011A2B54B100C7A7A3 /* LaunchScreen.xib */ = {
			isa = PBXVariantGroup;
			children = (
				A38A2B021A2B54B100C7A7A3 /* Base */,
			);
			name = LaunchScreen.xib;
			sourceTree = "<group>";
		};
/* End PBXVariantGroup section */

/* Begin XCBuildConfiguration section */
		A38A2B101A2B54B100C7A7A3 /* Debug */ = {
			isa = XCBuildConfiguration;
			buildSettings = {
				ALWAYS_SEARCH_USER_PATHS = NO;
				CLANG_CXX_LANGUAGE_STANDARD = "gnu++0x";
				CLANG_CXX_LIBRARY = "libc++";
				CLANG_ENABLE_MODULES = YES;
				CLANG_ENABLE_OBJC_ARC = YES;
				CLANG_WARN_BOOL_CONVERSION = YES;
				CLANG_WARN_CONSTANT_CONVERSION = YES;
				CLANG_WARN_DIRECT_OBJC_ISA_USAGE = YES_ERROR;
				CLANG_WARN_EMPTY_BODY = YES;
				CLANG_WARN_ENUM_CONVERSION = YES;
				CLANG_WARN_INT_CONVERSION = YES;
				CLANG_WARN_OBJC_ROOT_CLASS = YES_ERROR;
				CLANG_WARN_UNREACHABLE_CODE = YES;
				CLANG_WARN__DUPLICATE_METHOD_MATCH = YES;
				"CODE_SIGN_IDENTITY[sdk=iphoneos*]" = "iPhone Developer";
				COPY_PHASE_STRIP = NO;
				ENABLE_STRICT_OBJC_MSGSEND = YES;
				GCC_C_LANGUAGE_STANDARD = gnu99;
				GCC_DYNAMIC_NO_PIC = NO;
				GCC_OPTIMIZATION_LEVEL = 0;
				GCC_PREPROCESSOR_DEFINITIONS = (
					"DEBUG=1",
					"$(inherited)",
				);
				GCC_SYMBOLS_PRIVATE_EXTERN = NO;
				GCC_WARN_64_TO_32_BIT_CONVERSION = YES;
				GCC_WARN_ABOUT_RETURN_TYPE = YES_ERROR;
				GCC_WARN_UNDECLARED_SELECTOR = YES;
				GCC_WARN_UNINITIALIZED_AUTOS = YES_AGGRESSIVE;
				GCC_WARN_UNUSED_FUNCTION = YES;
				GCC_WARN_UNUSED_VARIABLE = YES;
				IPHONEOS_DEPLOYMENT_TARGET = 8.0;
				MTL_ENABLE_DEBUG_INFO = YES;
				ONLY_ACTIVE_ARCH = YES;
				SDKROOT = iphoneos;
				SWIFT_OPTIMIZATION_LEVEL = "-Onone";
				TARGETED_DEVICE_FAMILY = "1,2";
			};
			name = Debug;
		};
		A38A2B111A2B54B100C7A7A3 /* Release */ = {
			isa = XCBuildConfiguration;
			buildSettings = {
				ALWAYS_SEARCH_USER_PATHS = NO;
				CLANG_CXX_LANGUAGE_STANDARD = "gnu++0x";
				CLANG_CXX_LIBRARY = "libc++";
				CLANG_ENABLE_MODULES = YES;
				CLANG_ENABLE_OBJC_ARC = YES;
				CLANG_WARN_BOOL_CONVERSION = YES;
				CLANG_WARN_CONSTANT_CONVERSION = YES;
				CLANG_WARN_DIRECT_OBJC_ISA_USAGE = YES_ERROR;
				CLANG_WARN_EMPTY_BODY = YES;
				CLANG_WARN_ENUM_CONVERSION = YES;
				CLANG_WARN_INT_CONVERSION = YES;
				CLANG_WARN_OBJC_ROOT_CLASS = YES_ERROR;
				CLANG_WARN_UNREACHABLE_CODE = YES;
				CLANG_WARN__DUPLICATE_METHOD_MATCH = YES;
				"CODE_SIGN_IDENTITY[sdk=iphoneos*]" = "iPhone Developer";
				COPY_PHASE_STRIP = YES;
				ENABLE_NS_ASSERTIONS = NO;
				ENABLE_STRICT_OBJC_MSGSEND = YES;
				GCC_C_LANGUAGE_STANDARD = gnu99;
				GCC_WARN_64_TO_32_BIT_CONVERSION = YES;
				GCC_WARN_ABOUT_RETURN_TYPE = YES_ERROR;
				GCC_WARN_UNDECLARED_SELECTOR = YES;
				GCC_WARN_UNINITIALIZED_AUTOS = YES_AGGRESSIVE;
				GCC_WARN_UNUSED_FUNCTION = YES;
				GCC_WARN_UNUSED_VARIABLE = YES;
				IPHONEOS_DEPLOYMENT_TARGET = 8.0;
				MTL_ENABLE_DEBUG_INFO = NO;
				SDKROOT = iphoneos;
				TARGETED_DEVICE_FAMILY = "1,2";
				VALIDATE_PRODUCT = YES;
			};
			name = Release;
		};
		A38A2B131A2B54B100C7A7A3 /* Debug */ = {
			isa = XCBuildConfiguration;
			buildSettings = {
				ASSETCATALOG_COMPILER_APPICON_NAME = AppIcon;
				INFOPLIST_FILE = "Honeymoon Whist/Info.plist";
				LD_RUNPATH_SEARCH_PATHS = "$(inherited) @executable_path/Frameworks";
				PRODUCT_NAME = "$(TARGET_NAME)";
			};
			name = Debug;
		};
		A38A2B141A2B54B100C7A7A3 /* Release */ = {
			isa = XCBuildConfiguration;
			buildSettings = {
				ASSETCATALOG_COMPILER_APPICON_NAME = AppIcon;
				INFOPLIST_FILE = "Honeymoon Whist/Info.plist";
				LD_RUNPATH_SEARCH_PATHS = "$(inherited) @executable_path/Frameworks";
				PRODUCT_NAME = "$(TARGET_NAME)";
			};
			name = Release;
		};
		A38A2B161A2B54B100C7A7A3 /* Debug */ = {
			isa = XCBuildConfiguration;
			buildSettings = {
				BUNDLE_LOADER = "$(TEST_HOST)";
				FRAMEWORK_SEARCH_PATHS = (
					"$(SDKROOT)/Developer/Library/Frameworks",
					"$(inherited)",
				);
				GCC_PREPROCESSOR_DEFINITIONS = (
					"DEBUG=1",
					"$(inherited)",
				);
				INFOPLIST_FILE = "Honeymoon WhistTests/Info.plist";
				LD_RUNPATH_SEARCH_PATHS = "$(inherited) @executable_path/Frameworks @loader_path/Frameworks";
				PRODUCT_NAME = "$(TARGET_NAME)";
				TEST_HOST = "$(BUILT_PRODUCTS_DIR)/Honeymoon Whist.app/Honeymoon Whist";
			};
			name = Debug;
		};
		A38A2B171A2B54B100C7A7A3 /* Release */ = {
			isa = XCBuildConfiguration;
			buildSettings = {
				BUNDLE_LOADER = "$(TEST_HOST)";
				FRAMEWORK_SEARCH_PATHS = (
					"$(SDKROOT)/Developer/Library/Frameworks",
					"$(inherited)",
				);
				INFOPLIST_FILE = "Honeymoon WhistTests/Info.plist";
				LD_RUNPATH_SEARCH_PATHS = "$(inherited) @executable_path/Frameworks @loader_path/Frameworks";
				PRODUCT_NAME = "$(TARGET_NAME)";
				TEST_HOST = "$(BUILT_PRODUCTS_DIR)/Honeymoon Whist.app/Honeymoon Whist";
			};
			name = Release;
		};
/* End XCBuildConfiguration section */

/* Begin XCConfigurationList section */
		A38A2AEE1A2B54B100C7A7A3 /* Build configuration list for PBXProject "Honeymoon Whist" */ = {
			isa = XCConfigurationList;
			buildConfigurations = (
				A38A2B101A2B54B100C7A7A3 /* Debug */,
				A38A2B111A2B54B100C7A7A3 /* Release */,
			);
			defaultConfigurationIsVisible = 0;
			defaultConfigurationName = Release;
		};
		A38A2B121A2B54B100C7A7A3 /* Build configuration list for PBXNativeTarget "Honeymoon Whist" */ = {
			isa = XCConfigurationList;
			buildConfigurations = (
				A38A2B131A2B54B100C7A7A3 /* Debug */,
				A38A2B141A2B54B100C7A7A3 /* Release */,
			);
			defaultConfigurationIsVisible = 0;
			defaultConfigurationName = Release;
		};
		A38A2B151A2B54B100C7A7A3 /* Build configuration list for PBXNativeTarget "Honeymoon WhistTests" */ = {
			isa = XCConfigurationList;
			buildConfigurations = (
				A38A2B161A2B54B100C7A7A3 /* Debug */,
				A38A2B171A2B54B100C7A7A3 /* Release */,
			);
			defaultConfigurationIsVisible = 0;
			defaultConfigurationName = Release;
		};
/* End XCConfigurationList section */
	};
	rootObject = A38A2AEB1A2B54B100C7A7A3 /* Project object */;
}
